
Microsoft Visual Studio Solution File, Format Version 12.00
# Visual Studio 14
VisualStudioVersion = 14.0.25420.1
MinimumVisualStudioVersion = 10.0.40219.1
Project("{FAE04EC0-301F-11D3-BF4B-00C04F79EFBC}") = "Practica4", "Practica4\Practica4.csproj", "{3E07CEE0-15CB-4D30-A514-5166D5197C57}"
EndProject
Project("{FAE04EC0-301F-11D3-BF4B-00C04F79EFBC}") = "Practica4.Tests", "Practica4.Tests\Practica4.Tests.csproj", "{A654610E-858F-4FAF-AB24-E121C40AB2F8}"
EndProject
Project("{FAE04EC0-301F-11D3-BF4B-00C04F79EFBC}") = "Practica4.TestFuncional", "Practica4.TestFuncional\Practica4.TestFuncional.csproj", "{F313C72F-BAA7-4577-B8B7-D81FEE9ACB2C}"
EndProject
Global
	GlobalSection(SolutionConfigurationPlatforms) = preSolution
		Debug|Any CPU = Debug|Any CPU
		Release|Any CPU = Release|Any CPU
	EndGlobalSection
	GlobalSection(ProjectConfigurationPlatforms) = postSolution
		{3E07CEE0-15CB-4D30-A514-5166D5197C57}.Debug|Any CPU.ActiveCfg = Debug|Any CPU
		{3E07CEE0-15CB-4D30-A514-5166D5197C57}.Debug|Any CPU.Build.0 = Debug|Any CPU
		{3E07CEE0-15CB-4D30-A514-5166D5197C57}.Release|Any CPU.ActiveCfg = Release|Any CPU
		{3E07CEE0-15CB-4D30-A514-5166D5197C57}.Release|Any CPU.Build.0 = Release|Any CPU
		{A654610E-858F-4FAF-AB24-E121C40AB2F8}.Debug|Any CPU.ActiveCfg = Debug|Any CPU
		{A654610E-858F-4FAF-AB24-E121C40AB2F8}.Debug|Any CPU.Build.0 = Debug|Any CPU
		{A654610E-858F-4FAF-AB24-E121C40AB2F8}.Release|Any CPU.ActiveCfg = Release|Any CPU
		{A654610E-858F-4FAF-AB24-E121C40AB2F8}.Release|Any CPU.Build.0 = Release|Any CPU
		{F313C72F-BAA7-4577-B8B7-D81FEE9ACB2C}.Debug|Any CPU.ActiveCfg = Debug|Any CPU
		{F313C72F-BAA7-4577-B8B7-D81FEE9ACB2C}.Debug|Any CPU.Build.0 = Debug|Any CPU
		{F313C72F-BAA7-4577-B8B7-D81FEE9ACB2C}.Release|Any CPU.ActiveCfg = Release|Any CPU
		{F313C72F-BAA7-4577-B8B7-D81FEE9ACB2C}.Release|Any CPU.Build.0 = Release|Any CPU
	EndGlobalSection
	GlobalSection(SolutionProperties) = preSolution
		HideSolutionNode = FALSE
	EndGlobalSection
EndGlobal
